
Microsoft Visual Studio Solution File, Format Version 12.00
# Visual Studio 2013
VisualStudioVersion = 12.0.30501.0
MinimumVisualStudioVersion = 10.0.40219.1
Project("{FAE04EC0-301F-11D3-BF4B-00C04F79EFBC}") = "WebApplication1", "WebApplication1\WebApplication1.csproj", "{FF0E7696-4FDB-4860-A6DF-65BB321B7082}"
EndProject
Project("{FAE04EC0-301F-11D3-BF4B-00C04F79EFBC}") = "WebApplication1.Tests", "WebApplication1.Tests\WebApplication1.Tests.csproj", "{16D0CE31-3661-49A0-B3DA-6831E813EBC5}"
EndProject
Global
	GlobalSection(SolutionConfigurationPlatforms) = preSolution
		Debug|Any CPU = Debug|Any CPU
		Release|Any CPU = Release|Any CPU
	EndGlobalSection
	GlobalSection(ProjectConfigurationPlatforms) = postSolution
		{FF0E7696-4FDB-4860-A6DF-65BB321B7082}.Debug|Any CPU.ActiveCfg = Debug|Any CPU
		{FF0E7696-4FDB-4860-A6DF-65BB321B7082}.Debug|Any CPU.Build.0 = Debug|Any CPU
		{FF0E7696-4FDB-4860-A6DF-65BB321B7082}.Release|Any CPU.ActiveCfg = Release|Any CPU
		{FF0E7696-4FDB-4860-A6DF-65BB321B7082}.Release|Any CPU.Build.0 = Release|Any CPU
		{16D0CE31-3661-49A0-B3DA-6831E813EBC5}.Debug|Any CPU.ActiveCfg = Debug|Any CPU
		{16D0CE31-3661-49A0-B3DA-6831E813EBC5}.Debug|Any CPU.Build.0 = Debug|Any CPU
		{16D0CE31-3661-49A0-B3DA-6831E813EBC5}.Release|Any CPU.ActiveCfg = Release|Any CPU
		{16D0CE31-3661-49A0-B3DA-6831E813EBC5}.Release|Any CPU.Build.0 = Release|Any CPU
	EndGlobalSection
	GlobalSection(SolutionProperties) = preSolution
		HideSolutionNode = FALSE
	EndGlobalSection
EndGlobal
